{
  "name": "no-orm",
  "lockfileVersion": 2,
  "requires": true,
  "packages": {
    "": {
      "dependencies": {
        "js.spec": "^1.0.0-23",
        "reflect-metadata": "^0.1.13"
      }
    },
    "node_modules/js.spec": {
      "version": "1.0.0-23",
      "resolved": "https://registry.npmjs.org/js.spec/-/js.spec-1.0.0-23.tgz",
      "integrity": "sha512-cQtSyth0/zraNkzMmdX2o/6AWhjhf4u9K8nCUMaBdphG4NCrbd/Of51nDtMERJNL9t9FsyXvyct4ZE++Ib3kqg==",
      "dependencies": {
        "lodash.chunk": "^4.2.0",
        "lodash.flattendeep": "^4.4.0",
        "lodash.get": "^4.4.2",
        "lodash.isboolean": "^3.0.3",
        "lodash.isdate": "^4.0.1",
        "lodash.isfinite": "^3.3.2",
        "lodash.isfunction": "^3.0.8",
        "lodash.isinteger": "^4.0.4",
        "lodash.isnil": "^4.0.0",
        "lodash.isnumber": "^3.0.3",
        "lodash.isplainobject": "^4.0.6",
        "lodash.isregexp": "^4.0.1",
        "lodash.isset": "^4.4.2",
        "lodash.isstring": "^4.0.1",
        "lodash.issymbol": "^4.0.1"
      }
    },
    "node_modules/lodash.chunk": {
      "version": "4.2.0",
      "resolved": "https://registry.npmjs.org/lodash.chunk/-/lodash.chunk-4.2.0.tgz",
      "integrity": "sha512-ZzydJKfUHJwHa+hF5X66zLFCBrWn5GeF28OHEr4WVWtNDXlQ/IjWKPBiikqKo2ne0+v6JgCgJ0GzJp8k8bHC7w=="
    },
    "node_modules/lodash.flattendeep": {
      "version": "4.4.0",
      "resolved": "https://registry.npmjs.org/lodash.flattendeep/-/lodash.flattendeep-4.4.0.tgz",
      "integrity": "sha512-uHaJFihxmJcEX3kT4I23ABqKKalJ/zDrDg0lsFtc1h+3uw49SIJ5beyhx5ExVRti3AvKoOJngIj7xz3oylPdWQ=="
    },
    "node_modules/lodash.get": {
      "version": "4.4.2",
      "resolved": "https://registry.npmjs.org/lodash.get/-/lodash.get-4.4.2.tgz",
      "integrity": "sha512-z+Uw/vLuy6gQe8cfaFWD7p0wVv8fJl3mbzXh33RS+0oW2wvUqiRXiQ69gLWSLpgB5/6sU+r6BlQR0MBILadqTQ=="
    },
    "node_modules/lodash.isboolean": {
      "version": "3.0.3",
      "resolved": "https://registry.npmjs.org/lodash.isboolean/-/lodash.isboolean-3.0.3.tgz",
      "integrity": "sha512-Bz5mupy2SVbPHURB98VAcw+aHh4vRV5IPNhILUCsOzRmsTmSQ17jIuqopAentWoehktxGd9e/hbIXq980/1QJg=="
    },
    "node_modules/lodash.isdate": {
      "version": "4.0.1",
      "resolved": "https://registry.npmjs.org/lodash.isdate/-/lodash.isdate-4.0.1.tgz",
      "integrity": "sha512-hg5B1GD+R9egsBgMwmAhk+V53Us03TVvXT4dnyKugEfsD4QKuG9Wlyvxq8OGy2nu7qVGsh4DRSnMk33hoWBq/Q=="
    },
    "node_modules/lodash.isfinite": {
      "version": "3.3.2",
      "resolved": "https://registry.npmjs.org/lodash.isfinite/-/lodash.isfinite-3.3.2.tgz",
      "integrity": "sha512-7FGG40uhC8Mm633uKW1r58aElFlBlxCrg9JfSi3P6aYiWmfiWF0PgMd86ZUsxE5GwWPdHoS2+48bwTh2VPkIQA=="
    },
    "node_modules/lodash.isfunction": {
      "version": "3.0.9",
      "resolved": "https://registry.npmjs.org/lodash.isfunction/-/lodash.isfunction-3.0.9.tgz",
      "integrity": "sha512-AirXNj15uRIMMPihnkInB4i3NHeb4iBtNg9WRWuK2o31S+ePwwNmDPaTL3o7dTJ+VXNZim7rFs4rxN4YU1oUJw=="
    },
    "node_modules/lodash.isinteger": {
      "version": "4.0.4",
      "resolved": "https://registry.npmjs.org/lodash.isinteger/-/lodash.isinteger-4.0.4.tgz",
      "integrity": "sha512-DBwtEWN2caHQ9/imiNeEA5ys1JoRtRfY3d7V9wkqtbycnAmTvRRmbHKDV4a0EYc678/dia0jrte4tjYwVBaZUA=="
    },
    "node_modules/lodash.isnil": {
      "version": "4.0.0",
      "resolved": "https://registry.npmjs.org/lodash.isnil/-/lodash.isnil-4.0.0.tgz",
      "integrity": "sha512-up2Mzq3545mwVnMhTDMdfoG1OurpA/s5t88JmQX809eH3C8491iu2sfKhTfhQtKY78oPNhiaHJUpT/dUDAAtng=="
    },
    "node_modules/lodash.isnumber": {
      "version": "3.0.3",
      "resolved": "https://registry.npmjs.org/lodash.isnumber/-/lodash.isnumber-3.0.3.tgz",
      "integrity": "sha512-QYqzpfwO3/CWf3XP+Z+tkQsfaLL/EnUlXWVkIk5FUPc4sBdTehEqZONuyRt2P67PXAk+NXmTBcc97zw9t1FQrw=="
    },
    "node_modules/lodash.isplainobject": {
      "version": "4.0.6",
      "resolved": "https://registry.npmjs.org/lodash.isplainobject/-/lodash.isplainobject-4.0.6.tgz",
      "integrity": "sha512-oSXzaWypCMHkPC3NvBEaPHf0KsA5mvPrOPgQWDsbg8n7orZ290M0BmC/jgRZ4vcJ6DTAhjrsSYgdsW/F+MFOBA=="
    },
    "node_modules/lodash.isregexp": {
      "version": "4.0.1",
      "resolved": "https://registry.npmjs.org/lodash.isregexp/-/lodash.isregexp-4.0.1.tgz",
      "integrity": "sha512-rw9+95tYcUa9nQ1FgdtKvO+hReLGNqnNMHfLq8SwK5Mo6D0R0tIsnRHGHaTHSKeYBaLCJ1JvXWdz4UmpPZ2bag=="
    },
    "node_modules/lodash.isset": {
      "version": "4.4.2",
      "resolved": "https://registry.npmjs.org/lodash.isset/-/lodash.isset-4.4.2.tgz",
      "integrity": "sha512-3+m3GgoE5hTnRfbgCvOjGVHp2YAm/+MKpAS2JkaL9b5BISNRT+VkGngS7r3nAAschsx4fdLnWsM4wcDyvu0UCA=="
    },
    "node_modules/lodash.isstring": {
      "version": "4.0.1",
      "resolved": "https://registry.npmjs.org/lodash.isstring/-/lodash.isstring-4.0.1.tgz",
      "integrity": "sha512-0wJxfxH1wgO3GrbuP+dTTk7op+6L41QCXbGINEmD+ny/G/eCqGzxyCsh7159S+mgDDcoarnBw6PC1PS5+wUGgw=="
    },
    "node_modules/lodash.issymbol": {
      "version": "4.0.1",
      "resolved": "https://registry.npmjs.org/lodash.issymbol/-/lodash.issymbol-4.0.1.tgz",
      "integrity": "sha512-zsq5ABZMOJrUDDAZtPDuG4qiV9j8POlqikBcIzyC+HPSVCcemX1OfvzmawrR+BBpYDLy4h/DEOYEerU5GrIquQ=="
    },
    "node_modules/reflect-metadata": {
      "version": "0.1.13",
      "resolved": "https://registry.npmjs.org/reflect-metadata/-/reflect-metadata-0.1.13.tgz",
      "integrity": "sha512-Ts1Y/anZELhSsjMcU605fU9RE4Oi3p5ORujwbIKXfWa+0Zxs510Qrmrce5/Jowq3cHSZSJqBjypxmHarc+vEWg=="
    }
  },
  "dependencies": {
    "js.spec": {
      "version": "1.0.0-23",
      "resolved": "https://registry.npmjs.org/js.spec/-/js.spec-1.0.0-23.tgz",
      "integrity": "sha512-cQtSyth0/zraNkzMmdX2o/6AWhjhf4u9K8nCUMaBdphG4NCrbd/Of51nDtMERJNL9t9FsyXvyct4ZE++Ib3kqg==",
      "requires": {
        "lodash.chunk": "^4.2.0",
        "lodash.flattendeep": "^4.4.0",
        "lodash.get": "^4.4.2",
        "lodash.isboolean": "^3.0.3",
        "lodash.isdate": "^4.0.1",
        "lodash.isfinite": "^3.3.2",
        "lodash.isfunction": "^3.0.8",
        "lodash.isinteger": "^4.0.4",
        "lodash.isnil": "^4.0.0",
        "lodash.isnumber": "^3.0.3",
        "lodash.isplainobject": "^4.0.6",
        "lodash.isregexp": "^4.0.1",
        "lodash.isset": "^4.4.2",
        "lodash.isstring": "^4.0.1",
        "lodash.issymbol": "^4.0.1"
      }
    },
    "lodash.chunk": {
      "version": "4.2.0",
      "resolved": "https://registry.npmjs.org/lodash.chunk/-/lodash.chunk-4.2.0.tgz",
      "integrity": "sha512-ZzydJKfUHJwHa+hF5X66zLFCBrWn5GeF28OHEr4WVWtNDXlQ/IjWKPBiikqKo2ne0+v6JgCgJ0GzJp8k8bHC7w=="
    },
    "lodash.flattendeep": {
      "version": "4.4.0",
      "resolved": "https://registry.npmjs.org/lodash.flattendeep/-/lodash.flattendeep-4.4.0.tgz",
      "integrity": "sha512-uHaJFihxmJcEX3kT4I23ABqKKalJ/zDrDg0lsFtc1h+3uw49SIJ5beyhx5ExVRti3AvKoOJngIj7xz3oylPdWQ=="
    },
    "lodash.get": {
      "version": "4.4.2",
      "resolved": "https://registry.npmjs.org/lodash.get/-/lodash.get-4.4.2.tgz",
      "integrity": "sha512-z+Uw/vLuy6gQe8cfaFWD7p0wVv8fJl3mbzXh33RS+0oW2wvUqiRXiQ69gLWSLpgB5/6sU+r6BlQR0MBILadqTQ=="
    },
    "lodash.isboolean": {
      "version": "3.0.3",
      "resolved": "https://registry.npmjs.org/lodash.isboolean/-/lodash.isboolean-3.0.3.tgz",
      "integrity": "sha512-Bz5mupy2SVbPHURB98VAcw+aHh4vRV5IPNhILUCsOzRmsTmSQ17jIuqopAentWoehktxGd9e/hbIXq980/1QJg=="
    },
    "lodash.isdate": {
      "version": "4.0.1",
      "resolved": "https://registry.npmjs.org/lodash.isdate/-/lodash.isdate-4.0.1.tgz",
      "integrity": "sha512-hg5B1GD+R9egsBgMwmAhk+V53Us03TVvXT4dnyKugEfsD4QKuG9Wlyvxq8OGy2nu7qVGsh4DRSnMk33hoWBq/Q=="
    },
    "lodash.isfinite": {
      "version": "3.3.2",
      "resolved": "https://registry.npmjs.org/lodash.isfinite/-/lodash.isfinite-3.3.2.tgz",
      "integrity": "sha512-7FGG40uhC8Mm633uKW1r58aElFlBlxCrg9JfSi3P6aYiWmfiWF0PgMd86ZUsxE5GwWPdHoS2+48bwTh2VPkIQA=="
    },
    "lodash.isfunction": {
      "version": "3.0.9",
      "resolved": "https://registry.npmjs.org/lodash.isfunction/-/lodash.isfunction-3.0.9.tgz",
      "integrity": "sha512-AirXNj15uRIMMPihnkInB4i3NHeb4iBtNg9WRWuK2o31S+ePwwNmDPaTL3o7dTJ+VXNZim7rFs4rxN4YU1oUJw=="
    },
    "lodash.isinteger": {
      "version": "4.0.4",
      "resolved": "https://registry.npmjs.org/lodash.isinteger/-/lodash.isinteger-4.0.4.tgz",
      "integrity": "sha512-DBwtEWN2caHQ9/imiNeEA5ys1JoRtRfY3d7V9wkqtbycnAmTvRRmbHKDV4a0EYc678/dia0jrte4tjYwVBaZUA=="
    },
    "lodash.isnil": {
      "version": "4.0.0",
      "resolved": "https://registry.npmjs.org/lodash.isnil/-/lodash.isnil-4.0.0.tgz",
      "integrity": "sha512-up2Mzq3545mwVnMhTDMdfoG1OurpA/s5t88JmQX809eH3C8491iu2sfKhTfhQtKY78oPNhiaHJUpT/dUDAAtng=="
    },
    "lodash.isnumber": {
      "version": "3.0.3",
      "resolved": "https://registry.npmjs.org/lodash.isnumber/-/lodash.isnumber-3.0.3.tgz",
      "integrity": "sha512-QYqzpfwO3/CWf3XP+Z+tkQsfaLL/EnUlXWVkIk5FUPc4sBdTehEqZONuyRt2P67PXAk+NXmTBcc97zw9t1FQrw=="
    },
    "lodash.isplainobject": {
      "version": "4.0.6",
      "resolved": "https://registry.npmjs.org/lodash.isplainobject/-/lodash.isplainobject-4.0.6.tgz",
      "integrity": "sha512-oSXzaWypCMHkPC3NvBEaPHf0KsA5mvPrOPgQWDsbg8n7orZ290M0BmC/jgRZ4vcJ6DTAhjrsSYgdsW/F+MFOBA=="
    },
    "lodash.isregexp": {
      "version": "4.0.1",
      "resolved": "https://registry.npmjs.org/lodash.isregexp/-/lodash.isregexp-4.0.1.tgz",
      "integrity": "sha512-rw9+95tYcUa9nQ1FgdtKvO+hReLGNqnNMHfLq8SwK5Mo6D0R0tIsnRHGHaTHSKeYBaLCJ1JvXWdz4UmpPZ2bag=="
    },
    "lodash.isset": {
      "version": "4.4.2",
      "resolved": "https://registry.npmjs.org/lodash.isset/-/lodash.isset-4.4.2.tgz",
      "integrity": "sha512-3+m3GgoE5hTnRfbgCvOjGVHp2YAm/+MKpAS2JkaL9b5BISNRT+VkGngS7r3nAAschsx4fdLnWsM4wcDyvu0UCA=="
    },
    "lodash.isstring": {
      "version": "4.0.1",
      "resolved": "https://registry.npmjs.org/lodash.isstring/-/lodash.isstring-4.0.1.tgz",
      "integrity": "sha512-0wJxfxH1wgO3GrbuP+dTTk7op+6L41QCXbGINEmD+ny/G/eCqGzxyCsh7159S+mgDDcoarnBw6PC1PS5+wUGgw=="
    },
    "lodash.issymbol": {
      "version": "4.0.1",
      "resolved": "https://registry.npmjs.org/lodash.issymbol/-/lodash.issymbol-4.0.1.tgz",
      "integrity": "sha512-zsq5ABZMOJrUDDAZtPDuG4qiV9j8POlqikBcIzyC+HPSVCcemX1OfvzmawrR+BBpYDLy4h/DEOYEerU5GrIquQ=="
    },
    "reflect-metadata": {
      "version": "0.1.13",
      "resolved": "https://registry.npmjs.org/reflect-metadata/-/reflect-metadata-0.1.13.tgz",
      "integrity": "sha512-Ts1Y/anZELhSsjMcU605fU9RE4Oi3p5ORujwbIKXfWa+0Zxs510Qrmrce5/Jowq3cHSZSJqBjypxmHarc+vEWg=="
    }
  }
}
